// !$*UTF8*$!
{
	archiveVersion = 1;
	classes = {
	};
	objectVersion = 55;
	objects = {

/* Begin PBXBuildFile section */
		7BC4250C27C36C8100F3FC86 /* sliderApp.swift in Sources */ = {isa = PBXBuildFile; fileRef = 7BC4250B27C36C8100F3FC86 /* sliderApp.swift */; };
		7BC4250E27C36C8100F3FC86 /* ContentView.swift in Sources */ = {isa = PBXBuildFile; fileRef = 7BC4250D27C36C8100F3FC86 /* ContentView.swift */; };
		7BC4251027C36C8400F3FC86 /* Assets.xcassets in Resources */ = {isa = PBXBuildFile; fileRef = 7BC4250F27C36C8400F3FC86 /* Assets.xcassets */; };
		7BC4251327C36C8400F3FC86 /* Preview Assets.xcassets in Resources */ = {isa = PBXBuildFile; fileRef = 7BC4251227C36C8400F3FC86 /* Preview Assets.xcassets */; };
		7BC4251F27C37ABE00F3FC86 /* PriceFilterViewModel.swift in Sources */ = {isa = PBXBuildFile; fileRef = 7BC4251A27C37ABE00F3FC86 /* PriceFilterViewModel.swift */; };
		7BC4252027C37ABE00F3FC86 /* PriceInputField.swift in Sources */ = {isa = PBXBuildFile; fileRef = 7BC4251B27C37ABE00F3FC86 /* PriceInputField.swift */; };
		7BC4252127C37ABE00F3FC86 /* RangeSlider.swift in Sources */ = {isa = PBXBuildFile; fileRef = 7BC4251C27C37ABE00F3FC86 /* RangeSlider.swift */; };
		7BC4252227C37ABE00F3FC86 /* PriceFilterView.swift in Sources */ = {isa = PBXBuildFile; fileRef = 7BC4251D27C37ABE00F3FC86 /* PriceFilterView.swift */; };
		7BC4252327C37ABE00F3FC86 /* SliderCircle.swift in Sources */ = {isa = PBXBuildFile; fileRef = 7BC4251E27C37ABE00F3FC86 /* SliderCircle.swift */; };
		7BF110A027C4B6E400FC5DA7 /* ViewExtensions.swift in Sources */ = {isa = PBXBuildFile; fileRef = 7BF1109F27C4B6E400FC5DA7 /* ViewExtensions.swift */; };
/* End PBXBuildFile section */

/* Begin PBXFileReference section */
		7BC4250827C36C8100F3FC86 /* slider.app */ = {isa = PBXFileReference; explicitFileType = wrapper.application; includeInIndex = 0; path = slider.app; sourceTree = BUILT_PRODUCTS_DIR; };
		7BC4250B27C36C8100F3FC86 /* sliderApp.swift */ = {isa = PBXFileReference; lastKnownFileType = sourcecode.swift; path = sliderApp.swift; sourceTree = "<group>"; };
		7BC4250D27C36C8100F3FC86 /* ContentView.swift */ = {isa = PBXFileReference; lastKnownFileType = sourcecode.swift; path = ContentView.swift; sourceTree = "<group>"; };
		7BC4250F27C36C8400F3FC86 /* Assets.xcassets */ = {isa = PBXFileReference; lastKnownFileType = folder.assetcatalog; path = Assets.xcassets; sourceTree = "<group>"; };
		7BC4251227C36C8400F3FC86 /* Preview Assets.xcassets */ = {isa = PBXFileReference; lastKnownFileType = folder.assetcatalog; path = "Preview Assets.xcassets"; sourceTree = "<group>"; };
		7BC4251A27C37ABE00F3FC86 /* PriceFilterViewModel.swift */ = {isa = PBXFileReference; fileEncoding = 4; lastKnownFileType = sourcecode.swift; path = PriceFilterViewModel.swift; sourceTree = "<group>"; };
		7BC4251B27C37ABE00F3FC86 /* PriceInputField.swift */ = {isa = PBXFileReference; fileEncoding = 4; lastKnownFileType = sourcecode.swift; path = PriceInputField.swift; sourceTree = "<group>"; };
		7BC4251C27C37ABE00F3FC86 /* RangeSlider.swift */ = {isa = PBXFileReference; fileEncoding = 4; lastKnownFileType = sourcecode.swift; path = RangeSlider.swift; sourceTree = "<group>"; };
		7BC4251D27C37ABE00F3FC86 /* PriceFilterView.swift */ = {isa = PBXFileReference; fileEncoding = 4; lastKnownFileType = sourcecode.swift; path = PriceFilterView.swift; sourceTree = "<group>"; };
		7BC4251E27C37ABE00F3FC86 /* SliderCircle.swift */ = {isa = PBXFileReference; fileEncoding = 4; lastKnownFileType = sourcecode.swift; path = SliderCircle.swift; sourceTree = "<group>"; };
		7BF1109F27C4B6E400FC5DA7 /* ViewExtensions.swift */ = {isa = PBXFileReference; lastKnownFileType = sourcecode.swift; path = ViewExtensions.swift; sourceTree = "<group>"; };
/* End PBXFileReference section */

/* Begin PBXFrameworksBuildPhase section */
		7BC4250527C36C8100F3FC86 /* Frameworks */ = {
			isa = PBXFrameworksBuildPhase;
			buildActionMask = 2147483647;
			files = (
			);
			runOnlyForDeploymentPostprocessing = 0;
		};
/* End PBXFrameworksBuildPhase section */

/* Begin PBXGroup section */
		7BC424FF27C36C8100F3FC86 = {
			isa = PBXGroup;
			children = (
				7BC4250A27C36C8100F3FC86 /* slider */,
				7BC4250927C36C8100F3FC86 /* Products */,
			);
			sourceTree = "<group>";
		};
		7BC4250927C36C8100F3FC86 /* Products */ = {
			isa = PBXGroup;
			children = (
				7BC4250827C36C8100F3FC86 /* slider.app */,
			);
			name = Products;
			sourceTree = "<group>";
		};
		7BC4250A27C36C8100F3FC86 /* slider */ = {
			isa = PBXGroup;
			children = (
				7BC4250B27C36C8100F3FC86 /* sliderApp.swift */,
				7BC4250D27C36C8100F3FC86 /* ContentView.swift */,
				7BF1109E27C4B6CE00FC5DA7 /* Extensions */,
				7BC4251927C37ABE00F3FC86 /* PriceFilter */,
				7BC4250F27C36C8400F3FC86 /* Assets.xcassets */,
				7BC4251127C36C8400F3FC86 /* Preview Content */,
			);
			path = slider;
			sourceTree = "<group>";
		};
		7BC4251127C36C8400F3FC86 /* Preview Content */ = {
			isa = PBXGroup;
			children = (
				7BC4251227C36C8400F3FC86 /* Preview Assets.xcassets */,
			);
			path = "Preview Content";
			sourceTree = "<group>";
		};
		7BC4251927C37ABE00F3FC86 /* PriceFilter */ = {
			isa = PBXGroup;
			children = (
				7BF110A127C4B88F00FC5DA7 /* Views */,
				7BC4251A27C37ABE00F3FC86 /* PriceFilterViewModel.swift */,
			);
			path = PriceFilter;
			sourceTree = "<group>";
		};
		7BF1109E27C4B6CE00FC5DA7 /* Extensions */ = {
			isa = PBXGroup;
			children = (
				7BF1109F27C4B6E400FC5DA7 /* ViewExtensions.swift */,
			);
			path = Extensions;
			sourceTree = "<group>";
		};
		7BF110A127C4B88F00FC5DA7 /* Views */ = {
			isa = PBXGroup;
			children = (
				7BC4251D27C37ABE00F3FC86 /* PriceFilterView.swift */,
				7BC4251B27C37ABE00F3FC86 /* PriceInputField.swift */,
				7BC4251C27C37ABE00F3FC86 /* RangeSlider.swift */,
				7BC4251E27C37ABE00F3FC86 /* SliderCircle.swift */,
			);
			path = Views;
			sourceTree = "<group>";
		};
/* End PBXGroup section */

/* Begin PBXNativeTarget section */
		7BC4250727C36C8100F3FC86 /* slider */ = {
			isa = PBXNativeTarget;
			buildConfigurationList = 7BC4251627C36C8400F3FC86 /* Build configuration list for PBXNativeTarget "slider" */;
			buildPhases = (
				7BC4250427C36C8100F3FC86 /* Sources */,
				7BC4250527C36C8100F3FC86 /* Frameworks */,
				7BC4250627C36C8100F3FC86 /* Resources */,
			);
			buildRules = (
			);
			dependencies = (
			);
			name = slider;
			productName = slider;
			productReference = 7BC4250827C36C8100F3FC86 /* slider.app */;
			productType = "com.apple.product-type.application";
		};
/* End PBXNativeTarget section */

/* Begin PBXProject section */
		7BC4250027C36C8100F3FC86 /* Project object */ = {
			isa = PBXProject;
			attributes = {
				BuildIndependentTargetsInParallel = 1;
				LastSwiftUpdateCheck = 1310;
				LastUpgradeCheck = 1310;
				TargetAttributes = {
					7BC4250727C36C8100F3FC86 = {
						CreatedOnToolsVersion = 13.1;
					};
				};
			};
			buildConfigurationList = 7BC4250327C36C8100F3FC86 /* Build configuration list for PBXProject "slider" */;
			compatibilityVersion = "Xcode 13.0";
			developmentRegion = en;
			hasScannedForEncodings = 0;
			knownRegions = (
				en,
				Base,
			);
			mainGroup = 7BC424FF27C36C8100F3FC86;
			productRefGroup = 7BC4250927C36C8100F3FC86 /* Products */;
			projectDirPath = "";
			projectRoot = "";
			targets = (
				7BC4250727C36C8100F3FC86 /* slider */,
			);
		};
/* End PBXProject section */

/* Begin PBXResourcesBuildPhase section */
		7BC4250627C36C8100F3FC86 /* Resources */ = {
			isa = PBXResourcesBuildPhase;
			buildActionMask = 2147483647;
			files = (
				7BC4251327C36C8400F3FC86 /* Preview Assets.xcassets in Resources */,
				7BC4251027C36C8400F3FC86 /* Assets.xcassets in Resources */,
			);
			runOnlyForDeploymentPostprocessing = 0;
		};
/* End PBXResourcesBuildPhase section */

/* Begin PBXSourcesBuildPhase section */
		7BC4250427C36C8100F3FC86 /* Sources */ = {
			isa = PBXSourcesBuildPhase;
			buildActionMask = 2147483647;
			files = (
				7BC4250E27C36C8100F3FC86 /* ContentView.swift in Sources */,
				7BC4252127C37ABE00F3FC86 /* RangeSlider.swift in Sources */,
				7BF110A027C4B6E400FC5DA7 /* ViewExtensions.swift in Sources */,
				7BC4252227C37ABE00F3FC86 /* PriceFilterView.swift in Sources */,
				7BC4251F27C37ABE00F3FC86 /* PriceFilterViewModel.swift in Sources */,
				7BC4250C27C36C8100F3FC86 /* sliderApp.swift in Sources */,
				7BC4252027C37ABE00F3FC86 /* PriceInputField.swift in Sources */,
				7BC4252327C37ABE00F3FC86 /* SliderCircle.swift in Sources */,
			);
			runOnlyForDeploymentPostprocessing = 0;
		};
/* End PBXSourcesBuildPhase section */

/* Begin XCBuildConfiguration section */
		7BC4251427C36C8400F3FC86 /* Debug */ = {
			isa = XCBuildConfiguration;
			buildSettings = {
				ALWAYS_SEARCH_USER_PATHS = NO;
				CLANG_ANALYZER_NONNULL = YES;
				CLANG_ANALYZER_NUMBER_OBJECT_CONVERSION = YES_AGGRESSIVE;
				CLANG_CXX_LANGUAGE_STANDARD = "gnu++17";
				CLANG_CXX_LIBRARY = "libc++";
				CLANG_ENABLE_MODULES = YES;
				CLANG_ENABLE_OBJC_ARC = YES;
				CLANG_ENABLE_OBJC_WEAK = YES;
				CLANG_WARN_BLOCK_CAPTURE_AUTORELEASING = YES;
				CLANG_WARN_BOOL_CONVERSION = YES;
				CLANG_WARN_COMMA = YES;
				CLANG_WARN_CONSTANT_CONVERSION = YES;
				CLANG_WARN_DEPRECATED_OBJC_IMPLEMENTATIONS = YES;
				CLANG_WARN_DIRECT_OBJC_ISA_USAGE = YES_ERROR;
				CLANG_WARN_DOCUMENTATION_COMMENTS = YES;
				CLANG_WARN_EMPTY_BODY = YES;
				CLANG_WARN_ENUM_CONVERSION = YES;
				CLANG_WARN_INFINITE_RECURSION = YES;
				CLANG_WARN_INT_CONVERSION = YES;
				CLANG_WARN_NON_LITERAL_NULL_CONVERSION = YES;
				CLANG_WARN_OBJC_IMPLICIT_RETAIN_SELF = YES;
				CLANG_WARN_OBJC_LITERAL_CONVERSION = YES;
				CLANG_WARN_OBJC_ROOT_CLASS = YES_ERROR;
				CLANG_WARN_QUOTED_INCLUDE_IN_FRAMEWORK_HEADER = YES;
				CLANG_WARN_RANGE_LOOP_ANALYSIS = YES;
				CLANG_WARN_STRICT_PROTOTYPES = YES;
				CLANG_WARN_SUSPICIOUS_MOVE = YES;
				CLANG_WARN_UNGUARDED_AVAILABILITY = YES_AGGRESSIVE;
				CLANG_WARN_UNREACHABLE_CODE = YES;
				CLANG_WARN__DUPLICATE_METHOD_MATCH = YES;
				COPY_PHASE_STRIP = NO;
				DEBUG_INFORMATION_FORMAT = dwarf;
				ENABLE_STRICT_OBJC_MSGSEND = YES;
				ENABLE_TESTABILITY = YES;
				GCC_C_LANGUAGE_STANDARD = gnu11;
				GCC_DYNAMIC_NO_PIC = NO;
				GCC_NO_COMMON_BLOCKS = YES;
				GCC_OPTIMIZATION_LEVEL = 0;
				GCC_PREPROCESSOR_DEFINITIONS = (
					"DEBUG=1",
					"$(inherited)",
				);
				GCC_WARN_64_TO_32_BIT_CONVERSION = YES;
				GCC_WARN_ABOUT_RETURN_TYPE = YES_ERROR;
				GCC_WARN_UNDECLARED_SELECTOR = YES;
				GCC_WARN_UNINITIALIZED_AUTOS = YES_AGGRESSIVE;
				GCC_WARN_UNUSED_FUNCTION = YES;
				GCC_WARN_UNUSED_VARIABLE = YES;
				IPHONEOS_DEPLOYMENT_TARGET = 15.0;
				MTL_ENABLE_DEBUG_INFO = INCLUDE_SOURCE;
				MTL_FAST_MATH = YES;
				ONLY_ACTIVE_ARCH = YES;
				SDKROOT = iphoneos;
				SWIFT_ACTIVE_COMPILATION_CONDITIONS = DEBUG;
				SWIFT_OPTIMIZATION_LEVEL = "-Onone";
			};
			name = Debug;
		};
		7BC4251527C36C8400F3FC86 /* Release */ = {
			isa = XCBuildConfiguration;
			buildSettings = {
				ALWAYS_SEARCH_USER_PATHS = NO;
				CLANG_ANALYZER_NONNULL = YES;
				CLANG_ANALYZER_NUMBER_OBJECT_CONVERSION = YES_AGGRESSIVE;
				CLANG_CXX_LANGUAGE_STANDARD = "gnu++17";
				CLANG_CXX_LIBRARY = "libc++";
				CLANG_ENABLE_MODULES = YES;
				CLANG_ENABLE_OBJC_ARC = YES;
				CLANG_ENABLE_OBJC_WEAK = YES;
				CLANG_WARN_BLOCK_CAPTURE_AUTORELEASING = YES;
				CLANG_WARN_BOOL_CONVERSION = YES;
				CLANG_WARN_COMMA = YES;
				CLANG_WARN_CONSTANT_CONVERSION = YES;
				CLANG_WARN_DEPRECATED_OBJC_IMPLEMENTATIONS = YES;
				CLANG_WARN_DIRECT_OBJC_ISA_USAGE = YES_ERROR;
				CLANG_WARN_DOCUMENTATION_COMMENTS = YES;
				CLANG_WARN_EMPTY_BODY = YES;
				CLANG_WARN_ENUM_CONVERSION = YES;
				CLANG_WARN_INFINITE_RECURSION = YES;
				CLANG_WARN_INT_CONVERSION = YES;
				CLANG_WARN_NON_LITERAL_NULL_CONVERSION = YES;
				CLANG_WARN_OBJC_IMPLICIT_RETAIN_SELF = YES;
				CLANG_WARN_OBJC_LITERAL_CONVERSION = YES;
				CLANG_WARN_OBJC_ROOT_CLASS = YES_ERROR;
				CLANG_WARN_QUOTED_INCLUDE_IN_FRAMEWORK_HEADER = YES;
				CLANG_WARN_RANGE_LOOP_ANALYSIS = YES;
				CLANG_WARN_STRICT_PROTOTYPES = YES;
				CLANG_WARN_SUSPICIOUS_MOVE = YES;
				CLANG_WARN_UNGUARDED_AVAILABILITY = YES_AGGRESSIVE;
				CLANG_WARN_UNREACHABLE_CODE = YES;
				CLANG_WARN__DUPLICATE_METHOD_MATCH = YES;
				COPY_PHASE_STRIP = NO;
				DEBUG_INFORMATION_FORMAT = "dwarf-with-dsym";
				ENABLE_NS_ASSERTIONS = NO;
				ENABLE_STRICT_OBJC_MSGSEND = YES;
				GCC_C_LANGUAGE_STANDARD = gnu11;
				GCC_NO_COMMON_BLOCKS = YES;
				GCC_WARN_64_TO_32_BIT_CONVERSION = YES;
				GCC_WARN_ABOUT_RETURN_TYPE = YES_ERROR;
				GCC_WARN_UNDECLARED_SELECTOR = YES;
				GCC_WARN_UNINITIALIZED_AUTOS = YES_AGGRESSIVE;
				GCC_WARN_UNUSED_FUNCTION = YES;
				GCC_WARN_UNUSED_VARIABLE = YES;
				IPHONEOS_DEPLOYMENT_TARGET = 15.0;
				MTL_ENABLE_DEBUG_INFO = NO;
				MTL_FAST_MATH = YES;
				SDKROOT = iphoneos;
				SWIFT_COMPILATION_MODE = wholemodule;
				SWIFT_OPTIMIZATION_LEVEL = "-O";
				VALIDATE_PRODUCT = YES;
			};
			name = Release;
		};
		7BC4251727C36C8400F3FC86 /* Debug */ = {
			isa = XCBuildConfiguration;
			buildSettings = {
				ASSETCATALOG_COMPILER_APPICON_NAME = AppIcon;
				ASSETCATALOG_COMPILER_GLOBAL_ACCENT_COLOR_NAME = AccentColor;
				CODE_SIGN_STYLE = Automatic;
				CURRENT_PROJECT_VERSION = 1;
				DEVELOPMENT_ASSET_PATHS = "\"slider/Preview Content\"";
				ENABLE_PREVIEWS = YES;
				GENERATE_INFOPLIST_FILE = YES;
				INFOPLIST_KEY_UIApplicationSceneManifest_Generation = YES;
				INFOPLIST_KEY_UIApplicationSupportsIndirectInputEvents = YES;
				INFOPLIST_KEY_UILaunchScreen_Generation = YES;
				INFOPLIST_KEY_UISupportedInterfaceOrientations_iPad = "UIInterfaceOrientationPortrait UIInterfaceOrientationPortraitUpsideDown UIInterfaceOrientationLandscapeLeft UIInterfaceOrientationLandscapeRight";
				INFOPLIST_KEY_UISupportedInterfaceOrientations_iPhone = "UIInterfaceOrientationPortrait UIInterfaceOrientationLandscapeLeft UIInterfaceOrientationLandscapeRight";
				LD_RUNPATH_SEARCH_PATHS = (
					"$(inherited)",
					"@executable_path/Frameworks",
				);
				MARKETING_VERSION = 1.0;
				PRODUCT_BUNDLE_IDENTIFIER = com.test.slider;
				PRODUCT_NAME = "$(TARGET_NAME)";
				SWIFT_EMIT_LOC_STRINGS = YES;
				SWIFT_VERSION = 5.0;
				TARGETED_DEVICE_FAMILY = "1,2";
			};
			name = Debug;
		};
		7BC4251827C36C8400F3FC86 /* Release */ = {
			isa = XCBuildConfiguration;
			buildSettings = {
				ASSETCATALOG_COMPILER_APPICON_NAME = AppIcon;
				ASSETCATALOG_COMPILER_GLOBAL_ACCENT_COLOR_NAME = AccentColor;
				CODE_SIGN_STYLE = Automatic;
				CURRENT_PROJECT_VERSION = 1;
				DEVELOPMENT_ASSET_PATHS = "\"slider/Preview Content\"";
				ENABLE_PREVIEWS = YES;
				GENERATE_INFOPLIST_FILE = YES;
				INFOPLIST_KEY_UIApplicationSceneManifest_Generation = YES;
				INFOPLIST_KEY_UIApplicationSupportsIndirectInputEvents = YES;
				INFOPLIST_KEY_UILaunchScreen_Generation = YES;
				INFOPLIST_KEY_UISupportedInterfaceOrientations_iPad = "UIInterfaceOrientationPortrait UIInterfaceOrientationPortraitUpsideDown UIInterfaceOrientationLandscapeLeft UIInterfaceOrientationLandscapeRight";
				INFOPLIST_KEY_UISupportedInterfaceOrientations_iPhone = "UIInterfaceOrientationPortrait UIInterfaceOrientationLandscapeLeft UIInterfaceOrientationLandscapeRight";
				LD_RUNPATH_SEARCH_PATHS = (
					"$(inherited)",
					"@executable_path/Frameworks",
				);
				MARKETING_VERSION = 1.0;
				PRODUCT_BUNDLE_IDENTIFIER = com.test.slider;
				PRODUCT_NAME = "$(TARGET_NAME)";
				SWIFT_EMIT_LOC_STRINGS = YES;
				SWIFT_VERSION = 5.0;
				TARGETED_DEVICE_FAMILY = "1,2";
			};
			name = Release;
		};
/* End XCBuildConfiguration section */

/* Begin XCConfigurationList section */
		7BC4250327C36C8100F3FC86 /* Build configuration list for PBXProject "slider" */ = {
			isa = XCConfigurationList;
			buildConfigurations = (
				7BC4251427C36C8400F3FC86 /* Debug */,
				7BC4251527C36C8400F3FC86 /* Release */,
			);
			defaultConfigurationIsVisible = 0;
			defaultConfigurationName = Release;
		};
		7BC4251627C36C8400F3FC86 /* Build configuration list for PBXNativeTarget "slider" */ = {
			isa = XCConfigurationList;
			buildConfigurations = (
				7BC4251727C36C8400F3FC86 /* Debug */,
				7BC4251827C36C8400F3FC86 /* Release */,
			);
			defaultConfigurationIsVisible = 0;
			defaultConfigurationName = Release;
		};
/* End XCConfigurationList section */
	};
	rootObject = 7BC4250027C36C8100F3FC86 /* Project object */;
}
